// !$*UTF8*$!
{
	archiveVersion = 1;
	classes = {
	};
	objectVersion = 55;
	objects = {

/* Begin PBXBuildFile section */
		0446311C2AFDA92C006850C6 /* demo_message.html in Resources */ = {isa = PBXBuildFile; fileRef = 0446311B2AFDA92C006850C6 /* demo_message.html */; };
		0446311F2AFDACFC006850C6 /* Message.swift in Sources */ = {isa = PBXBuildFile; fileRef = 0446311D2AFDACFB006850C6 /* Message.swift */; };
		044631202AFDACFC006850C6 /* MessageView.swift in Sources */ = {isa = PBXBuildFile; fileRef = 0446311E2AFDACFB006850C6 /* MessageView.swift */; };
		044631232AFDB0F4006850C6 /* RichText in Frameworks */ = {isa = PBXBuildFile; productRef = 044631222AFDB0F4006850C6 /* RichText */; };
		0446312B2AFDC14B006850C6 /* iOS_for_realApp.swift in Sources */ = {isa = PBXBuildFile; fileRef = 0446312A2AFDC14B006850C6 /* iOS_for_realApp.swift */; };
		0446312D2AFDC14B006850C6 /* ContentView.swift in Sources */ = {isa = PBXBuildFile; fileRef = 0446312C2AFDC14B006850C6 /* ContentView.swift */; };
		0446312F2AFDC152006850C6 /* Assets.xcassets in Resources */ = {isa = PBXBuildFile; fileRef = 0446312E2AFDC152006850C6 /* Assets.xcassets */; };
		044631322AFDC152006850C6 /* Preview Assets.xcassets in Resources */ = {isa = PBXBuildFile; fileRef = 044631312AFDC152006850C6 /* Preview Assets.xcassets */; };
		0446313C2AFDC152006850C6 /* iOS_for_realTests.swift in Sources */ = {isa = PBXBuildFile; fileRef = 0446313B2AFDC152006850C6 /* iOS_for_realTests.swift */; };
		044631462AFDC152006850C6 /* iOS_for_realUITests.swift in Sources */ = {isa = PBXBuildFile; fileRef = 044631452AFDC152006850C6 /* iOS_for_realUITests.swift */; };
		044631482AFDC152006850C6 /* iOS_for_realUITestsLaunchTests.swift in Sources */ = {isa = PBXBuildFile; fileRef = 044631472AFDC152006850C6 /* iOS_for_realUITestsLaunchTests.swift */; };
		047329E42AFD54D200616A26 /* Hackathon_iOS_AppApp.swift in Sources */ = {isa = PBXBuildFile; fileRef = 047329E32AFD54D200616A26 /* Hackathon_iOS_AppApp.swift */; };
		047329E62AFD54D200616A26 /* ContentView.swift in Sources */ = {isa = PBXBuildFile; fileRef = 047329E52AFD54D200616A26 /* ContentView.swift */; };
		047329E82AFD54D800616A26 /* Assets.xcassets in Resources */ = {isa = PBXBuildFile; fileRef = 047329E72AFD54D800616A26 /* Assets.xcassets */; };
		047329EB2AFD54D800616A26 /* Preview Assets.xcassets in Resources */ = {isa = PBXBuildFile; fileRef = 047329EA2AFD54D800616A26 /* Preview Assets.xcassets */; };
		047329F62AFD54D900616A26 /* Hackathon_iOS_AppTests.swift in Sources */ = {isa = PBXBuildFile; fileRef = 047329F52AFD54D900616A26 /* Hackathon_iOS_AppTests.swift */; };
		04732A002AFD54D900616A26 /* Hackathon_iOS_AppUITests.swift in Sources */ = {isa = PBXBuildFile; fileRef = 047329FF2AFD54D900616A26 /* Hackathon_iOS_AppUITests.swift */; };
		04732A022AFD54D900616A26 /* Hackathon_iOS_AppUITestsLaunchTests.swift in Sources */ = {isa = PBXBuildFile; fileRef = 04732A012AFD54D900616A26 /* Hackathon_iOS_AppUITestsLaunchTests.swift */; };
		3D674D212AFD8055003B1937 /* HomeView.swift in Sources */ = {isa = PBXBuildFile; fileRef = 3D674D202AFD8055003B1937 /* HomeView.swift */; };
/* End PBXBuildFile section */

/* Begin PBXContainerItemProxy section */
		044631382AFDC152006850C6 /* PBXContainerItemProxy */ = {
			isa = PBXContainerItemProxy;
			containerPortal = 047329D82AFD54D200616A26 /* Project object */;
			proxyType = 1;
			remoteGlobalIDString = 044631272AFDC14B006850C6;
			remoteInfo = "iOS for real";
		};
		044631422AFDC152006850C6 /* PBXContainerItemProxy */ = {
			isa = PBXContainerItemProxy;
			containerPortal = 047329D82AFD54D200616A26 /* Project object */;
			proxyType = 1;
			remoteGlobalIDString = 044631272AFDC14B006850C6;
			remoteInfo = "iOS for real";
		};
		047329F22AFD54D900616A26 /* PBXContainerItemProxy */ = {
			isa = PBXContainerItemProxy;
			containerPortal = 047329D82AFD54D200616A26 /* Project object */;
			proxyType = 1;
			remoteGlobalIDString = 047329DF2AFD54D200616A26;
			remoteInfo = "Hackathon iOS App";
		};
		047329FC2AFD54D900616A26 /* PBXContainerItemProxy */ = {
			isa = PBXContainerItemProxy;
			containerPortal = 047329D82AFD54D200616A26 /* Project object */;
			proxyType = 1;
			remoteGlobalIDString = 047329DF2AFD54D200616A26;
			remoteInfo = "Hackathon iOS App";
		};
/* End PBXContainerItemProxy section */

/* Begin PBXFileReference section */
		0446311B2AFDA92C006850C6 /* demo_message.html */ = {isa = PBXFileReference; lastKnownFileType = text.html; path = demo_message.html; sourceTree = "<group>"; };
		0446311D2AFDACFB006850C6 /* Message.swift */ = {isa = PBXFileReference; fileEncoding = 4; lastKnownFileType = sourcecode.swift; path = Message.swift; sourceTree = "<group>"; };
		0446311E2AFDACFB006850C6 /* MessageView.swift */ = {isa = PBXFileReference; fileEncoding = 4; lastKnownFileType = sourcecode.swift; path = MessageView.swift; sourceTree = "<group>"; };
		044631282AFDC14B006850C6 /* iOS for real.app */ = {isa = PBXFileReference; explicitFileType = wrapper.application; includeInIndex = 0; path = "iOS for real.app"; sourceTree = BUILT_PRODUCTS_DIR; };
		0446312A2AFDC14B006850C6 /* iOS_for_realApp.swift */ = {isa = PBXFileReference; lastKnownFileType = sourcecode.swift; path = iOS_for_realApp.swift; sourceTree = "<group>"; };
		0446312C2AFDC14B006850C6 /* ContentView.swift */ = {isa = PBXFileReference; lastKnownFileType = sourcecode.swift; path = ContentView.swift; sourceTree = "<group>"; };
		0446312E2AFDC152006850C6 /* Assets.xcassets */ = {isa = PBXFileReference; lastKnownFileType = folder.assetcatalog; path = Assets.xcassets; sourceTree = "<group>"; };
		044631312AFDC152006850C6 /* Preview Assets.xcassets */ = {isa = PBXFileReference; lastKnownFileType = folder.assetcatalog; path = "Preview Assets.xcassets"; sourceTree = "<group>"; };
		044631372AFDC152006850C6 /* iOS for realTests.xctest */ = {isa = PBXFileReference; explicitFileType = wrapper.cfbundle; includeInIndex = 0; path = "iOS for realTests.xctest"; sourceTree = BUILT_PRODUCTS_DIR; };
		0446313B2AFDC152006850C6 /* iOS_for_realTests.swift */ = {isa = PBXFileReference; lastKnownFileType = sourcecode.swift; path = iOS_for_realTests.swift; sourceTree = "<group>"; };
		044631412AFDC152006850C6 /* iOS for realUITests.xctest */ = {isa = PBXFileReference; explicitFileType = wrapper.cfbundle; includeInIndex = 0; path = "iOS for realUITests.xctest"; sourceTree = BUILT_PRODUCTS_DIR; };
		044631452AFDC152006850C6 /* iOS_for_realUITests.swift */ = {isa = PBXFileReference; lastKnownFileType = sourcecode.swift; path = iOS_for_realUITests.swift; sourceTree = "<group>"; };
		044631472AFDC152006850C6 /* iOS_for_realUITestsLaunchTests.swift */ = {isa = PBXFileReference; lastKnownFileType = sourcecode.swift; path = iOS_for_realUITestsLaunchTests.swift; sourceTree = "<group>"; };
		047329E02AFD54D200616A26 /* Hackathon iOS App.app */ = {isa = PBXFileReference; explicitFileType = wrapper.application; includeInIndex = 0; path = "Hackathon iOS App.app"; sourceTree = BUILT_PRODUCTS_DIR; };
		047329E32AFD54D200616A26 /* Hackathon_iOS_AppApp.swift */ = {isa = PBXFileReference; lastKnownFileType = sourcecode.swift; path = Hackathon_iOS_AppApp.swift; sourceTree = "<group>"; };
		047329E52AFD54D200616A26 /* ContentView.swift */ = {isa = PBXFileReference; lastKnownFileType = sourcecode.swift; path = ContentView.swift; sourceTree = "<group>"; };
		047329E72AFD54D800616A26 /* Assets.xcassets */ = {isa = PBXFileReference; lastKnownFileType = folder.assetcatalog; path = Assets.xcassets; sourceTree = "<group>"; };
		047329EA2AFD54D800616A26 /* Preview Assets.xcassets */ = {isa = PBXFileReference; lastKnownFileType = folder.assetcatalog; path = "Preview Assets.xcassets"; sourceTree = "<group>"; };
		047329EC2AFD54D800616A26 /* Hackathon_iOS_App.entitlements */ = {isa = PBXFileReference; lastKnownFileType = text.plist.entitlements; path = Hackathon_iOS_App.entitlements; sourceTree = "<group>"; };
		047329F12AFD54D900616A26 /* Hackathon iOS AppTests.xctest */ = {isa = PBXFileReference; explicitFileType = wrapper.cfbundle; includeInIndex = 0; path = "Hackathon iOS AppTests.xctest"; sourceTree = BUILT_PRODUCTS_DIR; };
		047329F52AFD54D900616A26 /* Hackathon_iOS_AppTests.swift */ = {isa = PBXFileReference; lastKnownFileType = sourcecode.swift; path = Hackathon_iOS_AppTests.swift; sourceTree = "<group>"; };
		047329FB2AFD54D900616A26 /* Hackathon iOS AppUITests.xctest */ = {isa = PBXFileReference; explicitFileType = wrapper.cfbundle; includeInIndex = 0; path = "Hackathon iOS AppUITests.xctest"; sourceTree = BUILT_PRODUCTS_DIR; };
		047329FF2AFD54D900616A26 /* Hackathon_iOS_AppUITests.swift */ = {isa = PBXFileReference; lastKnownFileType = sourcecode.swift; path = Hackathon_iOS_AppUITests.swift; sourceTree = "<group>"; };
		04732A012AFD54D900616A26 /* Hackathon_iOS_AppUITestsLaunchTests.swift */ = {isa = PBXFileReference; lastKnownFileType = sourcecode.swift; path = Hackathon_iOS_AppUITestsLaunchTests.swift; sourceTree = "<group>"; };
		3D674D202AFD8055003B1937 /* HomeView.swift */ = {isa = PBXFileReference; lastKnownFileType = sourcecode.swift; path = HomeView.swift; sourceTree = "<group>"; };
/* End PBXFileReference section */

/* Begin PBXFrameworksBuildPhase section */
		044631252AFDC14B006850C6 /* Frameworks */ = {
			isa = PBXFrameworksBuildPhase;
			buildActionMask = 2147483647;
			files = (
			);
			runOnlyForDeploymentPostprocessing = 0;
		};
		044631342AFDC152006850C6 /* Frameworks */ = {
			isa = PBXFrameworksBuildPhase;
			buildActionMask = 2147483647;
			files = (
			);
			runOnlyForDeploymentPostprocessing = 0;
		};
		0446313E2AFDC152006850C6 /* Frameworks */ = {
			isa = PBXFrameworksBuildPhase;
			buildActionMask = 2147483647;
			files = (
			);
			runOnlyForDeploymentPostprocessing = 0;
		};
		047329DD2AFD54D200616A26 /* Frameworks */ = {
			isa = PBXFrameworksBuildPhase;
			buildActionMask = 2147483647;
			files = (
				044631232AFDB0F4006850C6 /* RichText in Frameworks */,
			);
			runOnlyForDeploymentPostprocessing = 0;
		};
		047329EE2AFD54D900616A26 /* Frameworks */ = {
			isa = PBXFrameworksBuildPhase;
			buildActionMask = 2147483647;
			files = (
			);
			runOnlyForDeploymentPostprocessing = 0;
		};
		047329F82AFD54D900616A26 /* Frameworks */ = {
			isa = PBXFrameworksBuildPhase;
			buildActionMask = 2147483647;
			files = (
			);
			runOnlyForDeploymentPostprocessing = 0;
		};
/* End PBXFrameworksBuildPhase section */

/* Begin PBXGroup section */
		044631292AFDC14B006850C6 /* iOS for real */ = {
			isa = PBXGroup;
			children = (
				0446312A2AFDC14B006850C6 /* iOS_for_realApp.swift */,
				0446312C2AFDC14B006850C6 /* ContentView.swift */,
				0446312E2AFDC152006850C6 /* Assets.xcassets */,
				044631302AFDC152006850C6 /* Preview Content */,
			);
			path = "iOS for real";
			sourceTree = "<group>";
		};
		044631302AFDC152006850C6 /* Preview Content */ = {
			isa = PBXGroup;
			children = (
				044631312AFDC152006850C6 /* Preview Assets.xcassets */,
			);
			path = "Preview Content";
			sourceTree = "<group>";
		};
		0446313A2AFDC152006850C6 /* iOS for realTests */ = {
			isa = PBXGroup;
			children = (
				0446313B2AFDC152006850C6 /* iOS_for_realTests.swift */,
			);
			path = "iOS for realTests";
			sourceTree = "<group>";
		};
		044631442AFDC152006850C6 /* iOS for realUITests */ = {
			isa = PBXGroup;
			children = (
				044631452AFDC152006850C6 /* iOS_for_realUITests.swift */,
				044631472AFDC152006850C6 /* iOS_for_realUITestsLaunchTests.swift */,
			);
			path = "iOS for realUITests";
			sourceTree = "<group>";
		};
		047329D72AFD54D200616A26 = {
			isa = PBXGroup;
			children = (
				0446311B2AFDA92C006850C6 /* demo_message.html */,
				047329E22AFD54D200616A26 /* Hackathon iOS App */,
				047329F42AFD54D900616A26 /* Hackathon iOS AppTests */,
				047329FE2AFD54D900616A26 /* Hackathon iOS AppUITests */,
				044631292AFDC14B006850C6 /* iOS for real */,
				0446313A2AFDC152006850C6 /* iOS for realTests */,
				044631442AFDC152006850C6 /* iOS for realUITests */,
				047329E12AFD54D200616A26 /* Products */,
			);
			sourceTree = "<group>";
		};
		047329E12AFD54D200616A26 /* Products */ = {
			isa = PBXGroup;
			children = (
				047329E02AFD54D200616A26 /* Hackathon iOS App.app */,
				047329F12AFD54D900616A26 /* Hackathon iOS AppTests.xctest */,
				047329FB2AFD54D900616A26 /* Hackathon iOS AppUITests.xctest */,
				044631282AFDC14B006850C6 /* iOS for real.app */,
				044631372AFDC152006850C6 /* iOS for realTests.xctest */,
				044631412AFDC152006850C6 /* iOS for realUITests.xctest */,
			);
			name = Products;
			sourceTree = "<group>";
		};
		047329E22AFD54D200616A26 /* Hackathon iOS App */ = {
			isa = PBXGroup;
			children = (
				0446311D2AFDACFB006850C6 /* Message.swift */,
				0446311E2AFDACFB006850C6 /* MessageView.swift */,
				047329E32AFD54D200616A26 /* Hackathon_iOS_AppApp.swift */,
				047329E52AFD54D200616A26 /* ContentView.swift */,
				047329E72AFD54D800616A26 /* Assets.xcassets */,
				047329EC2AFD54D800616A26 /* Hackathon_iOS_App.entitlements */,
				047329E92AFD54D800616A26 /* Preview Content */,
				3D674D202AFD8055003B1937 /* HomeView.swift */,
			);
			path = "Hackathon iOS App";
			sourceTree = "<group>";
		};
		047329E92AFD54D800616A26 /* Preview Content */ = {
			isa = PBXGroup;
			children = (
				047329EA2AFD54D800616A26 /* Preview Assets.xcassets */,
			);
			path = "Preview Content";
			sourceTree = "<group>";
		};
		047329F42AFD54D900616A26 /* Hackathon iOS AppTests */ = {
			isa = PBXGroup;
			children = (
				047329F52AFD54D900616A26 /* Hackathon_iOS_AppTests.swift */,
			);
			path = "Hackathon iOS AppTests";
			sourceTree = "<group>";
		};
		047329FE2AFD54D900616A26 /* Hackathon iOS AppUITests */ = {
			isa = PBXGroup;
			children = (
				047329FF2AFD54D900616A26 /* Hackathon_iOS_AppUITests.swift */,
				04732A012AFD54D900616A26 /* Hackathon_iOS_AppUITestsLaunchTests.swift */,
			);
			path = "Hackathon iOS AppUITests";
			sourceTree = "<group>";
		};
/* End PBXGroup section */

/* Begin PBXNativeTarget section */
		044631272AFDC14B006850C6 /* iOS for real */ = {
			isa = PBXNativeTarget;
			buildConfigurationList = 044631492AFDC152006850C6 /* Build configuration list for PBXNativeTarget "iOS for real" */;
			buildPhases = (
				044631242AFDC14B006850C6 /* Sources */,
				044631252AFDC14B006850C6 /* Frameworks */,
				044631262AFDC14B006850C6 /* Resources */,
			);
			buildRules = (
			);
			dependencies = (
			);
			name = "iOS for real";
			productName = "iOS for real";
			productReference = 044631282AFDC14B006850C6 /* iOS for real.app */;
			productType = "com.apple.product-type.application";
		};
		044631362AFDC152006850C6 /* iOS for realTests */ = {
			isa = PBXNativeTarget;
			buildConfigurationList = 0446314C2AFDC152006850C6 /* Build configuration list for PBXNativeTarget "iOS for realTests" */;
			buildPhases = (
				044631332AFDC152006850C6 /* Sources */,
				044631342AFDC152006850C6 /* Frameworks */,
				044631352AFDC152006850C6 /* Resources */,
			);
			buildRules = (
			);
			dependencies = (
				044631392AFDC152006850C6 /* PBXTargetDependency */,
			);
			name = "iOS for realTests";
			productName = "iOS for realTests";
			productReference = 044631372AFDC152006850C6 /* iOS for realTests.xctest */;
			productType = "com.apple.product-type.bundle.unit-test";
		};
		044631402AFDC152006850C6 /* iOS for realUITests */ = {
			isa = PBXNativeTarget;
			buildConfigurationList = 0446314F2AFDC152006850C6 /* Build configuration list for PBXNativeTarget "iOS for realUITests" */;
			buildPhases = (
				0446313D2AFDC152006850C6 /* Sources */,
				0446313E2AFDC152006850C6 /* Frameworks */,
				0446313F2AFDC152006850C6 /* Resources */,
			);
			buildRules = (
			);
			dependencies = (
				044631432AFDC152006850C6 /* PBXTargetDependency */,
			);
			name = "iOS for realUITests";
			productName = "iOS for realUITests";
			productReference = 044631412AFDC152006850C6 /* iOS for realUITests.xctest */;
			productType = "com.apple.product-type.bundle.ui-testing";
		};
		047329DF2AFD54D200616A26 /* Hackathon iOS App */ = {
			isa = PBXNativeTarget;
			buildConfigurationList = 04732A052AFD54D900616A26 /* Build configuration list for PBXNativeTarget "Hackathon iOS App" */;
			buildPhases = (
				047329DC2AFD54D200616A26 /* Sources */,
				047329DD2AFD54D200616A26 /* Frameworks */,
				047329DE2AFD54D200616A26 /* Resources */,
			);
			buildRules = (
			);
			dependencies = (
			);
			name = "Hackathon iOS App";
			packageProductDependencies = (
				044631222AFDB0F4006850C6 /* RichText */,
			);
			productName = "Hackathon iOS App";
			productReference = 047329E02AFD54D200616A26 /* Hackathon iOS App.app */;
			productType = "com.apple.product-type.application";
		};
		047329F02AFD54D900616A26 /* Hackathon iOS AppTests */ = {
			isa = PBXNativeTarget;
			buildConfigurationList = 04732A082AFD54D900616A26 /* Build configuration list for PBXNativeTarget "Hackathon iOS AppTests" */;
			buildPhases = (
				047329ED2AFD54D900616A26 /* Sources */,
				047329EE2AFD54D900616A26 /* Frameworks */,
				047329EF2AFD54D900616A26 /* Resources */,
			);
			buildRules = (
			);
			dependencies = (
				047329F32AFD54D900616A26 /* PBXTargetDependency */,
			);
			name = "Hackathon iOS AppTests";
			productName = "Hackathon iOS AppTests";
			productReference = 047329F12AFD54D900616A26 /* Hackathon iOS AppTests.xctest */;
			productType = "com.apple.product-type.bundle.unit-test";
		};
		047329FA2AFD54D900616A26 /* Hackathon iOS AppUITests */ = {
			isa = PBXNativeTarget;
			buildConfigurationList = 04732A0B2AFD54D900616A26 /* Build configuration list for PBXNativeTarget "Hackathon iOS AppUITests" */;
			buildPhases = (
				047329F72AFD54D900616A26 /* Sources */,
				047329F82AFD54D900616A26 /* Frameworks */,
				047329F92AFD54D900616A26 /* Resources */,
			);
			buildRules = (
			);
			dependencies = (
				047329FD2AFD54D900616A26 /* PBXTargetDependency */,
			);
			name = "Hackathon iOS AppUITests";
			productName = "Hackathon iOS AppUITests";
			productReference = 047329FB2AFD54D900616A26 /* Hackathon iOS AppUITests.xctest */;
			productType = "com.apple.product-type.bundle.ui-testing";
		};
/* End PBXNativeTarget section */

/* Begin PBXProject section */
		047329D82AFD54D200616A26 /* Project object */ = {
			isa = PBXProject;
			attributes = {
				BuildIndependentTargetsInParallel = 1;
				LastSwiftUpdateCheck = 1320;
				LastUpgradeCheck = 1320;
				TargetAttributes = {
					044631272AFDC14B006850C6 = {
						CreatedOnToolsVersion = 13.2.1;
					};
					044631362AFDC152006850C6 = {
						CreatedOnToolsVersion = 13.2.1;
						TestTargetID = 044631272AFDC14B006850C6;
					};
					044631402AFDC152006850C6 = {
						CreatedOnToolsVersion = 13.2.1;
						TestTargetID = 044631272AFDC14B006850C6;
					};
					047329DF2AFD54D200616A26 = {
						CreatedOnToolsVersion = 13.2.1;
					};
					047329F02AFD54D900616A26 = {
						CreatedOnToolsVersion = 13.2.1;
						TestTargetID = 047329DF2AFD54D200616A26;
					};
					047329FA2AFD54D900616A26 = {
						CreatedOnToolsVersion = 13.2.1;
						TestTargetID = 047329DF2AFD54D200616A26;
					};
				};
			};
			buildConfigurationList = 047329DB2AFD54D200616A26 /* Build configuration list for PBXProject "Hackathon iOS App" */;
			compatibilityVersion = "Xcode 13.0";
			developmentRegion = en;
			hasScannedForEncodings = 0;
			knownRegions = (
				en,
				Base,
			);
			mainGroup = 047329D72AFD54D200616A26;
			packageReferences = (
				044631212AFDB0F4006850C6 /* XCRemoteSwiftPackageReference "RichText" */,
			);
			productRefGroup = 047329E12AFD54D200616A26 /* Products */;
			projectDirPath = "";
			projectRoot = "";
			targets = (
				047329DF2AFD54D200616A26 /* Hackathon iOS App */,
				047329F02AFD54D900616A26 /* Hackathon iOS AppTests */,
				047329FA2AFD54D900616A26 /* Hackathon iOS AppUITests */,
				044631272AFDC14B006850C6 /* iOS for real */,
				044631362AFDC152006850C6 /* iOS for realTests */,
				044631402AFDC152006850C6 /* iOS for realUITests */,
			);
		};
/* End PBXProject section */

/* Begin PBXResourcesBuildPhase section */
		044631262AFDC14B006850C6 /* Resources */ = {
			isa = PBXResourcesBuildPhase;
			buildActionMask = 2147483647;
			files = (
				044631322AFDC152006850C6 /* Preview Assets.xcassets in Resources */,
				0446312F2AFDC152006850C6 /* Assets.xcassets in Resources */,
			);
			runOnlyForDeploymentPostprocessing = 0;
		};
		044631352AFDC152006850C6 /* Resources */ = {
			isa = PBXResourcesBuildPhase;
			buildActionMask = 2147483647;
			files = (
			);
			runOnlyForDeploymentPostprocessing = 0;
		};
		0446313F2AFDC152006850C6 /* Resources */ = {
			isa = PBXResourcesBuildPhase;
			buildActionMask = 2147483647;
			files = (
			);
			runOnlyForDeploymentPostprocessing = 0;
		};
		047329DE2AFD54D200616A26 /* Resources */ = {
			isa = PBXResourcesBuildPhase;
			buildActionMask = 2147483647;
			files = (
				047329EB2AFD54D800616A26 /* Preview Assets.xcassets in Resources */,
				047329E82AFD54D800616A26 /* Assets.xcassets in Resources */,
				0446311C2AFDA92C006850C6 /* demo_message.html in Resources */,
			);
			runOnlyForDeploymentPostprocessing = 0;
		};
		047329EF2AFD54D900616A26 /* Resources */ = {
			isa = PBXResourcesBuildPhase;
			buildActionMask = 2147483647;
			files = (
			);
			runOnlyForDeploymentPostprocessing = 0;
		};
		047329F92AFD54D900616A26 /* Resources */ = {
			isa = PBXResourcesBuildPhase;
			buildActionMask = 2147483647;
			files = (
			);
			runOnlyForDeploymentPostprocessing = 0;
		};
/* End PBXResourcesBuildPhase section */

/* Begin PBXSourcesBuildPhase section */
		044631242AFDC14B006850C6 /* Sources */ = {
			isa = PBXSourcesBuildPhase;
			buildActionMask = 2147483647;
			files = (
				0446312D2AFDC14B006850C6 /* ContentView.swift in Sources */,
				0446312B2AFDC14B006850C6 /* iOS_for_realApp.swift in Sources */,
			);
			runOnlyForDeploymentPostprocessing = 0;
		};
		044631332AFDC152006850C6 /* Sources */ = {
			isa = PBXSourcesBuildPhase;
			buildActionMask = 2147483647;
			files = (
				0446313C2AFDC152006850C6 /* iOS_for_realTests.swift in Sources */,
			);
			runOnlyForDeploymentPostprocessing = 0;
		};
		0446313D2AFDC152006850C6 /* Sources */ = {
			isa = PBXSourcesBuildPhase;
			buildActionMask = 2147483647;
			files = (
				044631482AFDC152006850C6 /* iOS_for_realUITestsLaunchTests.swift in Sources */,
				044631462AFDC152006850C6 /* iOS_for_realUITests.swift in Sources */,
			);
			runOnlyForDeploymentPostprocessing = 0;
		};
		047329DC2AFD54D200616A26 /* Sources */ = {
			isa = PBXSourcesBuildPhase;
			buildActionMask = 2147483647;
			files = (
				3D674D212AFD8055003B1937 /* HomeView.swift in Sources */,
				0446311F2AFDACFC006850C6 /* Message.swift in Sources */,
				047329E62AFD54D200616A26 /* ContentView.swift in Sources */,
				047329E42AFD54D200616A26 /* Hackathon_iOS_AppApp.swift in Sources */,
				044631202AFDACFC006850C6 /* MessageView.swift in Sources */,
			);
			runOnlyForDeploymentPostprocessing = 0;
		};
		047329ED2AFD54D900616A26 /* Sources */ = {
			isa = PBXSourcesBuildPhase;
			buildActionMask = 2147483647;
			files = (
				047329F62AFD54D900616A26 /* Hackathon_iOS_AppTests.swift in Sources */,
			);
			runOnlyForDeploymentPostprocessing = 0;
		};
		047329F72AFD54D900616A26 /* Sources */ = {
			isa = PBXSourcesBuildPhase;
			buildActionMask = 2147483647;
			files = (
				04732A022AFD54D900616A26 /* Hackathon_iOS_AppUITestsLaunchTests.swift in Sources */,
				04732A002AFD54D900616A26 /* Hackathon_iOS_AppUITests.swift in Sources */,
			);
			runOnlyForDeploymentPostprocessing = 0;
		};
/* End PBXSourcesBuildPhase section */

/* Begin PBXTargetDependency section */
		044631392AFDC152006850C6 /* PBXTargetDependency */ = {
			isa = PBXTargetDependency;
			target = 044631272AFDC14B006850C6 /* iOS for real */;
			targetProxy = 044631382AFDC152006850C6 /* PBXContainerItemProxy */;
		};
		044631432AFDC152006850C6 /* PBXTargetDependency */ = {
			isa = PBXTargetDependency;
			target = 044631272AFDC14B006850C6 /* iOS for real */;
			targetProxy = 044631422AFDC152006850C6 /* PBXContainerItemProxy */;
		};
		047329F32AFD54D900616A26 /* PBXTargetDependency */ = {
			isa = PBXTargetDependency;
			target = 047329DF2AFD54D200616A26 /* Hackathon iOS App */;
			targetProxy = 047329F22AFD54D900616A26 /* PBXContainerItemProxy */;
		};
		047329FD2AFD54D900616A26 /* PBXTargetDependency */ = {
			isa = PBXTargetDependency;
			target = 047329DF2AFD54D200616A26 /* Hackathon iOS App */;
			targetProxy = 047329FC2AFD54D900616A26 /* PBXContainerItemProxy */;
		};
/* End PBXTargetDependency section */

/* Begin XCBuildConfiguration section */
		0446314A2AFDC152006850C6 /* Debug */ = {
			isa = XCBuildConfiguration;
			buildSettings = {
				ASSETCATALOG_COMPILER_APPICON_NAME = AppIcon;
				ASSETCATALOG_COMPILER_GLOBAL_ACCENT_COLOR_NAME = AccentColor;
				CODE_SIGN_STYLE = Automatic;
				CURRENT_PROJECT_VERSION = 1;
				DEVELOPMENT_ASSET_PATHS = "\"iOS for real/Preview Content\"";
				DEVELOPMENT_TEAM = C74NHTAGK3;
				ENABLE_PREVIEWS = YES;
				GENERATE_INFOPLIST_FILE = YES;
				INFOPLIST_KEY_UIApplicationSceneManifest_Generation = YES;
				INFOPLIST_KEY_UIApplicationSupportsIndirectInputEvents = YES;
				INFOPLIST_KEY_UILaunchScreen_Generation = YES;
				INFOPLIST_KEY_UISupportedInterfaceOrientations_iPad = "UIInterfaceOrientationPortrait UIInterfaceOrientationPortraitUpsideDown UIInterfaceOrientationLandscapeLeft UIInterfaceOrientationLandscapeRight";
				INFOPLIST_KEY_UISupportedInterfaceOrientations_iPhone = "UIInterfaceOrientationPortrait UIInterfaceOrientationLandscapeLeft UIInterfaceOrientationLandscapeRight";
				IPHONEOS_DEPLOYMENT_TARGET = 15.2;
				LD_RUNPATH_SEARCH_PATHS = (
					"$(inherited)",
					"@executable_path/Frameworks",
				);
				MARKETING_VERSION = 1.0;
				PRODUCT_BUNDLE_IDENTIFIER = "com.Hackathon2023Group4.iOS-for-real";
				PRODUCT_NAME = "$(TARGET_NAME)";
				SWIFT_EMIT_LOC_STRINGS = YES;
				SWIFT_VERSION = 5.0;
				TARGETED_DEVICE_FAMILY = "1,2";
			};
			name = Debug;
		};
		0446314B2AFDC152006850C6 /* Release */ = {
			isa = XCBuildConfiguration;
			buildSettings = {
				ASSETCATALOG_COMPILER_APPICON_NAME = AppIcon;
				ASSETCATALOG_COMPILER_GLOBAL_ACCENT_COLOR_NAME = AccentColor;
				CODE_SIGN_STYLE = Automatic;
				CURRENT_PROJECT_VERSION = 1;
				DEVELOPMENT_ASSET_PATHS = "\"iOS for real/Preview Content\"";
				DEVELOPMENT_TEAM = C74NHTAGK3;
				ENABLE_PREVIEWS = YES;
				GENERATE_INFOPLIST_FILE = YES;
				INFOPLIST_KEY_UIApplicationSceneManifest_Generation = YES;
				INFOPLIST_KEY_UIApplicationSupportsIndirectInputEvents = YES;
				INFOPLIST_KEY_UILaunchScreen_Generation = YES;
				INFOPLIST_KEY_UISupportedInterfaceOrientations_iPad = "UIInterfaceOrientationPortrait UIInterfaceOrientationPortraitUpsideDown UIInterfaceOrientationLandscapeLeft UIInterfaceOrientationLandscapeRight";
				INFOPLIST_KEY_UISupportedInterfaceOrientations_iPhone = "UIInterfaceOrientationPortrait UIInterfaceOrientationLandscapeLeft UIInterfaceOrientationLandscapeRight";
				IPHONEOS_DEPLOYMENT_TARGET = 15.2;
				LD_RUNPATH_SEARCH_PATHS = (
					"$(inherited)",
					"@executable_path/Frameworks",
				);
				MARKETING_VERSION = 1.0;
				PRODUCT_BUNDLE_IDENTIFIER = "com.Hackathon2023Group4.iOS-for-real";
				PRODUCT_NAME = "$(TARGET_NAME)";
				SWIFT_EMIT_LOC_STRINGS = YES;
				SWIFT_VERSION = 5.0;
				TARGETED_DEVICE_FAMILY = "1,2";
				VALIDATE_PRODUCT = YES;
			};
			name = Release;
		};
		0446314D2AFDC152006850C6 /* Debug */ = {
			isa = XCBuildConfiguration;
			buildSettings = {
				ALWAYS_EMBED_SWIFT_STANDARD_LIBRARIES = YES;
				BUNDLE_LOADER = "$(TEST_HOST)";
				CODE_SIGN_STYLE = Automatic;
				CURRENT_PROJECT_VERSION = 1;
				DEVELOPMENT_TEAM = C74NHTAGK3;
				GENERATE_INFOPLIST_FILE = YES;
				IPHONEOS_DEPLOYMENT_TARGET = 15.2;
				MARKETING_VERSION = 1.0;
				PRODUCT_BUNDLE_IDENTIFIER = "com.Hackathon2023Group4.iOS-for-realTests";
				PRODUCT_NAME = "$(TARGET_NAME)";
				SWIFT_EMIT_LOC_STRINGS = NO;
				SWIFT_VERSION = 5.0;
				TARGETED_DEVICE_FAMILY = "1,2";
				TEST_HOST = "$(BUILT_PRODUCTS_DIR)/iOS for real.app/iOS for real";
			};
			name = Debug;
		};
		0446314E2AFDC152006850C6 /* Release */ = {
			isa = XCBuildConfiguration;
			buildSettings = {
				ALWAYS_EMBED_SWIFT_STANDARD_LIBRARIES = YES;
				BUNDLE_LOADER = "$(TEST_HOST)";
				CODE_SIGN_STYLE = Automatic;
				CURRENT_PROJECT_VERSION = 1;
				DEVELOPMENT_TEAM = C74NHTAGK3;
				GENERATE_INFOPLIST_FILE = YES;
				IPHONEOS_DEPLOYMENT_TARGET = 15.2;
				MARKETING_VERSION = 1.0;
				PRODUCT_BUNDLE_IDENTIFIER = "com.Hackathon2023Group4.iOS-for-realTests";
				PRODUCT_NAME = "$(TARGET_NAME)";
				SWIFT_EMIT_LOC_STRINGS = NO;
				SWIFT_VERSION = 5.0;
				TARGETED_DEVICE_FAMILY = "1,2";
				TEST_HOST = "$(BUILT_PRODUCTS_DIR)/iOS for real.app/iOS for real";
				VALIDATE_PRODUCT = YES;
			};
			name = Release;
		};
		044631502AFDC152006850C6 /* Debug */ = {
			isa = XCBuildConfiguration;
			buildSettings = {
				ALWAYS_EMBED_SWIFT_STANDARD_LIBRARIES = YES;
				CODE_SIGN_STYLE = Automatic;
				CURRENT_PROJECT_VERSION = 1;
				DEVELOPMENT_TEAM = C74NHTAGK3;
				GENERATE_INFOPLIST_FILE = YES;
				IPHONEOS_DEPLOYMENT_TARGET = 15.2;
				MARKETING_VERSION = 1.0;
				PRODUCT_BUNDLE_IDENTIFIER = "com.Hackathon2023Group4.iOS-for-realUITests";
				PRODUCT_NAME = "$(TARGET_NAME)";
				SWIFT_EMIT_LOC_STRINGS = NO;
				SWIFT_VERSION = 5.0;
				TARGETED_DEVICE_FAMILY = "1,2";
				TEST_TARGET_NAME = "iOS for real";
			};
			name = Debug;
		};
		044631512AFDC152006850C6 /* Release */ = {
			isa = XCBuildConfiguration;
			buildSettings = {
				ALWAYS_EMBED_SWIFT_STANDARD_LIBRARIES = YES;
				CODE_SIGN_STYLE = Automatic;
				CURRENT_PROJECT_VERSION = 1;
				DEVELOPMENT_TEAM = C74NHTAGK3;
				GENERATE_INFOPLIST_FILE = YES;
				IPHONEOS_DEPLOYMENT_TARGET = 15.2;
				MARKETING_VERSION = 1.0;
				PRODUCT_BUNDLE_IDENTIFIER = "com.Hackathon2023Group4.iOS-for-realUITests";
				PRODUCT_NAME = "$(TARGET_NAME)";
				SWIFT_EMIT_LOC_STRINGS = NO;
				SWIFT_VERSION = 5.0;
				TARGETED_DEVICE_FAMILY = "1,2";
				TEST_TARGET_NAME = "iOS for real";
				VALIDATE_PRODUCT = YES;
			};
			name = Release;
		};
		04732A032AFD54D900616A26 /* Debug */ = {
			isa = XCBuildConfiguration;
			buildSettings = {
				ALWAYS_SEARCH_USER_PATHS = NO;
				CLANG_ANALYZER_NONNULL = YES;
				CLANG_ANALYZER_NUMBER_OBJECT_CONVERSION = YES_AGGRESSIVE;
				CLANG_CXX_LANGUAGE_STANDARD = "gnu++17";
				CLANG_CXX_LIBRARY = "libc++";
				CLANG_ENABLE_MODULES = YES;
				CLANG_ENABLE_OBJC_ARC = YES;
				CLANG_ENABLE_OBJC_WEAK = YES;
				CLANG_WARN_BLOCK_CAPTURE_AUTORELEASING = YES;
				CLANG_WARN_BOOL_CONVERSION = YES;
				CLANG_WARN_COMMA = YES;
				CLANG_WARN_CONSTANT_CONVERSION = YES;
				CLANG_WARN_DEPRECATED_OBJC_IMPLEMENTATIONS = YES;
				CLANG_WARN_DIRECT_OBJC_ISA_USAGE = YES_ERROR;
				CLANG_WARN_DOCUMENTATION_COMMENTS = YES;
				CLANG_WARN_EMPTY_BODY = YES;
				CLANG_WARN_ENUM_CONVERSION = YES;
				CLANG_WARN_INFINITE_RECURSION = YES;
				CLANG_WARN_INT_CONVERSION = YES;
				CLANG_WARN_NON_LITERAL_NULL_CONVERSION = YES;
				CLANG_WARN_OBJC_IMPLICIT_RETAIN_SELF = YES;
				CLANG_WARN_OBJC_LITERAL_CONVERSION = YES;
				CLANG_WARN_OBJC_ROOT_CLASS = YES_ERROR;
				CLANG_WARN_QUOTED_INCLUDE_IN_FRAMEWORK_HEADER = YES;
				CLANG_WARN_RANGE_LOOP_ANALYSIS = YES;
				CLANG_WARN_STRICT_PROTOTYPES = YES;
				CLANG_WARN_SUSPICIOUS_MOVE = YES;
				CLANG_WARN_UNGUARDED_AVAILABILITY = YES_AGGRESSIVE;
				CLANG_WARN_UNREACHABLE_CODE = YES;
				CLANG_WARN__DUPLICATE_METHOD_MATCH = YES;
				COPY_PHASE_STRIP = NO;
				DEBUG_INFORMATION_FORMAT = dwarf;
				ENABLE_STRICT_OBJC_MSGSEND = YES;
				ENABLE_TESTABILITY = YES;
				GCC_C_LANGUAGE_STANDARD = gnu11;
				GCC_DYNAMIC_NO_PIC = NO;
				GCC_NO_COMMON_BLOCKS = YES;
				GCC_OPTIMIZATION_LEVEL = 0;
				GCC_PREPROCESSOR_DEFINITIONS = (
					"DEBUG=1",
					"$(inherited)",
				);
				GCC_WARN_64_TO_32_BIT_CONVERSION = YES;
				GCC_WARN_ABOUT_RETURN_TYPE = YES_ERROR;
				GCC_WARN_UNDECLARED_SELECTOR = YES;
				GCC_WARN_UNINITIALIZED_AUTOS = YES_AGGRESSIVE;
				GCC_WARN_UNUSED_FUNCTION = YES;
				GCC_WARN_UNUSED_VARIABLE = YES;
				MACOSX_DEPLOYMENT_TARGET = 11.7;
				MTL_ENABLE_DEBUG_INFO = INCLUDE_SOURCE;
				MTL_FAST_MATH = YES;
				ONLY_ACTIVE_ARCH = YES;
				SDKROOT = iphoneos;
				SWIFT_ACTIVE_COMPILATION_CONDITIONS = DEBUG;
				SWIFT_OPTIMIZATION_LEVEL = "-Onone";
			};
			name = Debug;
		};
		04732A042AFD54D900616A26 /* Release */ = {
			isa = XCBuildConfiguration;
			buildSettings = {
				ALWAYS_SEARCH_USER_PATHS = NO;
				CLANG_ANALYZER_NONNULL = YES;
				CLANG_ANALYZER_NUMBER_OBJECT_CONVERSION = YES_AGGRESSIVE;
				CLANG_CXX_LANGUAGE_STANDARD = "gnu++17";
				CLANG_CXX_LIBRARY = "libc++";
				CLANG_ENABLE_MODULES = YES;
				CLANG_ENABLE_OBJC_ARC = YES;
				CLANG_ENABLE_OBJC_WEAK = YES;
				CLANG_WARN_BLOCK_CAPTURE_AUTORELEASING = YES;
				CLANG_WARN_BOOL_CONVERSION = YES;
				CLANG_WARN_COMMA = YES;
				CLANG_WARN_CONSTANT_CONVERSION = YES;
				CLANG_WARN_DEPRECATED_OBJC_IMPLEMENTATIONS = YES;
				CLANG_WARN_DIRECT_OBJC_ISA_USAGE = YES_ERROR;
				CLANG_WARN_DOCUMENTATION_COMMENTS = YES;
				CLANG_WARN_EMPTY_BODY = YES;
				CLANG_WARN_ENUM_CONVERSION = YES;
				CLANG_WARN_INFINITE_RECURSION = YES;
				CLANG_WARN_INT_CONVERSION = YES;
				CLANG_WARN_NON_LITERAL_NULL_CONVERSION = YES;
				CLANG_WARN_OBJC_IMPLICIT_RETAIN_SELF = YES;
				CLANG_WARN_OBJC_LITERAL_CONVERSION = YES;
				CLANG_WARN_OBJC_ROOT_CLASS = YES_ERROR;
				CLANG_WARN_QUOTED_INCLUDE_IN_FRAMEWORK_HEADER = YES;
				CLANG_WARN_RANGE_LOOP_ANALYSIS = YES;
				CLANG_WARN_STRICT_PROTOTYPES = YES;
				CLANG_WARN_SUSPICIOUS_MOVE = YES;
				CLANG_WARN_UNGUARDED_AVAILABILITY = YES_AGGRESSIVE;
				CLANG_WARN_UNREACHABLE_CODE = YES;
				CLANG_WARN__DUPLICATE_METHOD_MATCH = YES;
				COPY_PHASE_STRIP = NO;
				DEBUG_INFORMATION_FORMAT = "dwarf-with-dsym";
				ENABLE_NS_ASSERTIONS = NO;
				ENABLE_STRICT_OBJC_MSGSEND = YES;
				GCC_C_LANGUAGE_STANDARD = gnu11;
				GCC_NO_COMMON_BLOCKS = YES;
				GCC_WARN_64_TO_32_BIT_CONVERSION = YES;
				GCC_WARN_ABOUT_RETURN_TYPE = YES_ERROR;
				GCC_WARN_UNDECLARED_SELECTOR = YES;
				GCC_WARN_UNINITIALIZED_AUTOS = YES_AGGRESSIVE;
				GCC_WARN_UNUSED_FUNCTION = YES;
				GCC_WARN_UNUSED_VARIABLE = YES;
				MACOSX_DEPLOYMENT_TARGET = 11.7;
				MTL_ENABLE_DEBUG_INFO = NO;
				MTL_FAST_MATH = YES;
				SDKROOT = iphoneos;
				SWIFT_COMPILATION_MODE = wholemodule;
				SWIFT_OPTIMIZATION_LEVEL = "-O";
			};
			name = Release;
		};
		04732A062AFD54D900616A26 /* Debug */ = {
			isa = XCBuildConfiguration;
			buildSettings = {
				ASSETCATALOG_COMPILER_APPICON_NAME = AppIcon;
				ASSETCATALOG_COMPILER_GLOBAL_ACCENT_COLOR_NAME = AccentColor;
				CLANG_CXX_LANGUAGE_STANDARD = "gnu++20";
				CLANG_UNDEFINED_BEHAVIOR_SANITIZER_INTEGER = YES;
				CODE_SIGN_ENTITLEMENTS = "Hackathon iOS App/Hackathon_iOS_App.entitlements";
				CODE_SIGN_IDENTITY = "-";
				"CODE_SIGN_IDENTITY[sdk=macosx*]" = "Apple Development";
				CODE_SIGN_STYLE = Automatic;
				COMBINE_HIDPI_IMAGES = YES;
				CURRENT_PROJECT_VERSION = 1;
				DEAD_CODE_STRIPPING = NO;
				DEVELOPMENT_ASSET_PATHS = "\"Hackathon iOS App/Preview Content\"";
				DEVELOPMENT_TEAM = C74NHTAGK3;
				ENABLE_HARDENED_RUNTIME = YES;
				ENABLE_PREVIEWS = YES;
				GCC_OPTIMIZATION_LEVEL = 1;
				GCC_WARN_PEDANTIC = YES;
				GENERATE_INFOPLIST_FILE = YES;
				INFOPLIST_KEY_NSHumanReadableCopyright = "";
				LD_RUNPATH_SEARCH_PATHS = (
					"$(inherited)",
					"@executable_path/../Frameworks",
				);
				MARKETING_VERSION = 1.0;
				PRODUCT_BUNDLE_IDENTIFIER = "com.Hackathon2023Group4.Hackathon-iOS-App";
				PRODUCT_NAME = "$(TARGET_NAME)";
				SWIFT_EMIT_LOC_STRINGS = YES;
				SWIFT_VERSION = 5.0;
			};
			name = Debug;
		};
		04732A072AFD54D900616A26 /* Release */ = {
			isa = XCBuildConfiguration;
			buildSettings = {
				ASSETCATALOG_COMPILER_APPICON_NAME = AppIcon;
				ASSETCATALOG_COMPILER_GLOBAL_ACCENT_COLOR_NAME = AccentColor;
				CLANG_CXX_LANGUAGE_STANDARD = "gnu++20";
				CODE_SIGN_ENTITLEMENTS = "Hackathon iOS App/Hackathon_iOS_App.entitlements";
				CODE_SIGN_IDENTITY = "-";
				"CODE_SIGN_IDENTITY[sdk=macosx*]" = "Apple Development";
				CODE_SIGN_STYLE = Automatic;
				COMBINE_HIDPI_IMAGES = YES;
				CURRENT_PROJECT_VERSION = 1;
				DEAD_CODE_STRIPPING = YES;
				DEVELOPMENT_ASSET_PATHS = "\"Hackathon iOS App/Preview Content\"";
				DEVELOPMENT_TEAM = C74NHTAGK3;
				ENABLE_HARDENED_RUNTIME = YES;
				ENABLE_PREVIEWS = YES;
				GCC_UNROLL_LOOPS = YES;
				GCC_WARN_PEDANTIC = YES;
				GENERATE_INFOPLIST_FILE = YES;
				INFOPLIST_KEY_NSHumanReadableCopyright = "";
				LD_RUNPATH_SEARCH_PATHS = (
					"$(inherited)",
					"@executable_path/../Frameworks",
				);
				MARKETING_VERSION = 1.0;
				PRODUCT_BUNDLE_IDENTIFIER = "com.Hackathon2023Group4.Hackathon-iOS-App";
				PRODUCT_NAME = "$(TARGET_NAME)";
				SWIFT_EMIT_LOC_STRINGS = YES;
				SWIFT_VERSION = 5.0;
			};
			name = Release;
		};
		04732A092AFD54D900616A26 /* Debug */ = {
			isa = XCBuildConfiguration;
			buildSettings = {
				ALWAYS_EMBED_SWIFT_STANDARD_LIBRARIES = YES;
				BUNDLE_LOADER = "$(TEST_HOST)";
				CODE_SIGN_STYLE = Automatic;
				CURRENT_PROJECT_VERSION = 1;
				DEVELOPMENT_TEAM = C74NHTAGK3;
				GENERATE_INFOPLIST_FILE = YES;
				MACOSX_DEPLOYMENT_TARGET = 11.7;
				MARKETING_VERSION = 1.0;
				PRODUCT_BUNDLE_IDENTIFIER = "com.Hackathon2023Group4.Hackathon-iOS-AppTests";
				PRODUCT_NAME = "$(TARGET_NAME)";
				SWIFT_EMIT_LOC_STRINGS = NO;
				SWIFT_VERSION = 5.0;
				TEST_HOST = "$(BUILT_PRODUCTS_DIR)/Hackathon iOS App.app/Contents/MacOS/Hackathon iOS App";
			};
			name = Debug;
		};
		04732A0A2AFD54D900616A26 /* Release */ = {
			isa = XCBuildConfiguration;
			buildSettings = {
				ALWAYS_EMBED_SWIFT_STANDARD_LIBRARIES = YES;
				BUNDLE_LOADER = "$(TEST_HOST)";
				CODE_SIGN_STYLE = Automatic;
				CURRENT_PROJECT_VERSION = 1;
				DEVELOPMENT_TEAM = C74NHTAGK3;
				GENERATE_INFOPLIST_FILE = YES;
				MACOSX_DEPLOYMENT_TARGET = 11.7;
				MARKETING_VERSION = 1.0;
				PRODUCT_BUNDLE_IDENTIFIER = "com.Hackathon2023Group4.Hackathon-iOS-AppTests";
				PRODUCT_NAME = "$(TARGET_NAME)";
				SWIFT_EMIT_LOC_STRINGS = NO;
				SWIFT_VERSION = 5.0;
				TEST_HOST = "$(BUILT_PRODUCTS_DIR)/Hackathon iOS App.app/Contents/MacOS/Hackathon iOS App";
			};
			name = Release;
		};
		04732A0C2AFD54D900616A26 /* Debug */ = {
			isa = XCBuildConfiguration;
			buildSettings = {
				ALWAYS_EMBED_SWIFT_STANDARD_LIBRARIES = YES;
				CODE_SIGN_STYLE = Automatic;
				CURRENT_PROJECT_VERSION = 1;
				DEVELOPMENT_TEAM = C74NHTAGK3;
				GENERATE_INFOPLIST_FILE = YES;
				MARKETING_VERSION = 1.0;
				PRODUCT_BUNDLE_IDENTIFIER = "com.Hackathon2023Group4.Hackathon-iOS-AppUITests";
				PRODUCT_NAME = "$(TARGET_NAME)";
				SWIFT_EMIT_LOC_STRINGS = NO;
				SWIFT_VERSION = 5.0;
				TEST_TARGET_NAME = "Hackathon iOS App";
			};
			name = Debug;
		};
		04732A0D2AFD54D900616A26 /* Release */ = {
			isa = XCBuildConfiguration;
			buildSettings = {
				ALWAYS_EMBED_SWIFT_STANDARD_LIBRARIES = YES;
				CODE_SIGN_STYLE = Automatic;
				CURRENT_PROJECT_VERSION = 1;
				DEVELOPMENT_TEAM = C74NHTAGK3;
				GENERATE_INFOPLIST_FILE = YES;
				MARKETING_VERSION = 1.0;
				PRODUCT_BUNDLE_IDENTIFIER = "com.Hackathon2023Group4.Hackathon-iOS-AppUITests";
				PRODUCT_NAME = "$(TARGET_NAME)";
				SWIFT_EMIT_LOC_STRINGS = NO;
				SWIFT_VERSION = 5.0;
				TEST_TARGET_NAME = "Hackathon iOS App";
			};
			name = Release;
		};
/* End XCBuildConfiguration section */

/* Begin XCConfigurationList section */
		044631492AFDC152006850C6 /* Build configuration list for PBXNativeTarget "iOS for real" */ = {
			isa = XCConfigurationList;
			buildConfigurations = (
				0446314A2AFDC152006850C6 /* Debug */,
				0446314B2AFDC152006850C6 /* Release */,
			);
			defaultConfigurationIsVisible = 0;
			defaultConfigurationName = Release;
		};
		0446314C2AFDC152006850C6 /* Build configuration list for PBXNativeTarget "iOS for realTests" */ = {
			isa = XCConfigurationList;
			buildConfigurations = (
				0446314D2AFDC152006850C6 /* Debug */,
				0446314E2AFDC152006850C6 /* Release */,
			);
			defaultConfigurationIsVisible = 0;
			defaultConfigurationName = Release;
		};
		0446314F2AFDC152006850C6 /* Build configuration list for PBXNativeTarget "iOS for realUITests" */ = {
			isa = XCConfigurationList;
			buildConfigurations = (
				044631502AFDC152006850C6 /* Debug */,
				044631512AFDC152006850C6 /* Release */,
			);
			defaultConfigurationIsVisible = 0;
			defaultConfigurationName = Release;
		};
		047329DB2AFD54D200616A26 /* Build configuration list for PBXProject "Hackathon iOS App" */ = {
			isa = XCConfigurationList;
			buildConfigurations = (
				04732A032AFD54D900616A26 /* Debug */,
				04732A042AFD54D900616A26 /* Release */,
			);
			defaultConfigurationIsVisible = 0;
			defaultConfigurationName = Release;
		};
		04732A052AFD54D900616A26 /* Build configuration list for PBXNativeTarget "Hackathon iOS App" */ = {
			isa = XCConfigurationList;
			buildConfigurations = (
				04732A062AFD54D900616A26 /* Debug */,
				04732A072AFD54D900616A26 /* Release */,
			);
			defaultConfigurationIsVisible = 0;
			defaultConfigurationName = Release;
		};
		04732A082AFD54D900616A26 /* Build configuration list for PBXNativeTarget "Hackathon iOS AppTests" */ = {
			isa = XCConfigurationList;
			buildConfigurations = (
				04732A092AFD54D900616A26 /* Debug */,
				04732A0A2AFD54D900616A26 /* Release */,
			);
			defaultConfigurationIsVisible = 0;
			defaultConfigurationName = Release;
		};
		04732A0B2AFD54D900616A26 /* Build configuration list for PBXNativeTarget "Hackathon iOS AppUITests" */ = {
			isa = XCConfigurationList;
			buildConfigurations = (
				04732A0C2AFD54D900616A26 /* Debug */,
				04732A0D2AFD54D900616A26 /* Release */,
			);
			defaultConfigurationIsVisible = 0;
			defaultConfigurationName = Release;
		};
/* End XCConfigurationList section */

/* Begin XCRemoteSwiftPackageReference section */
		044631212AFDB0F4006850C6 /* XCRemoteSwiftPackageReference "RichText" */ = {
			isa = XCRemoteSwiftPackageReference;
			repositoryURL = "https://github.com/NuPlay/RichText.git";
			requirement = {
				kind = upToNextMajorVersion;
				minimumVersion = 2.0.0;
			};
		};
/* End XCRemoteSwiftPackageReference section */

/* Begin XCSwiftPackageProductDependency section */
		044631222AFDB0F4006850C6 /* RichText */ = {
			isa = XCSwiftPackageProductDependency;
			package = 044631212AFDB0F4006850C6 /* XCRemoteSwiftPackageReference "RichText" */;
			productName = RichText;
		};
/* End XCSwiftPackageProductDependency section */
	};
	rootObject = 047329D82AFD54D200616A26 /* Project object */;
}
