// !$*UTF8*$!
{
	archiveVersion = 1;
	classes = {
	};
	objectVersion = 55;
	objects = {

/* Begin PBXBuildFile section */
		044631182AFD89E7006850C6 /* Message.swift in Sources */ = {isa = PBXBuildFile; fileRef = 044631172AFD89E7006850C6 /* Message.swift */; };
		047329E42AFD54D200616A26 /* Hackathon_iOS_AppApp.swift in Sources */ = {isa = PBXBuildFile; fileRef = 047329E32AFD54D200616A26 /* Hackathon_iOS_AppApp.swift */; };
		047329E62AFD54D200616A26 /* ContentView.swift in Sources */ = {isa = PBXBuildFile; fileRef = 047329E52AFD54D200616A26 /* ContentView.swift */; };
		047329E82AFD54D800616A26 /* Assets.xcassets in Resources */ = {isa = PBXBuildFile; fileRef = 047329E72AFD54D800616A26 /* Assets.xcassets */; };
		047329EB2AFD54D800616A26 /* Preview Assets.xcassets in Resources */ = {isa = PBXBuildFile; fileRef = 047329EA2AFD54D800616A26 /* Preview Assets.xcassets */; };
		047329F62AFD54D900616A26 /* Hackathon_iOS_AppTests.swift in Sources */ = {isa = PBXBuildFile; fileRef = 047329F52AFD54D900616A26 /* Hackathon_iOS_AppTests.swift */; };
		04732A002AFD54D900616A26 /* Hackathon_iOS_AppUITests.swift in Sources */ = {isa = PBXBuildFile; fileRef = 047329FF2AFD54D900616A26 /* Hackathon_iOS_AppUITests.swift */; };
		04732A022AFD54D900616A26 /* Hackathon_iOS_AppUITestsLaunchTests.swift in Sources */ = {isa = PBXBuildFile; fileRef = 04732A012AFD54D900616A26 /* Hackathon_iOS_AppUITestsLaunchTests.swift */; };
/* End PBXBuildFile section */

/* Begin PBXContainerItemProxy section */
		047329F22AFD54D900616A26 /* PBXContainerItemProxy */ = {
			isa = PBXContainerItemProxy;
			containerPortal = 047329D82AFD54D200616A26 /* Project object */;
			proxyType = 1;
			remoteGlobalIDString = 047329DF2AFD54D200616A26;
			remoteInfo = "Hackathon iOS App";
		};
		047329FC2AFD54D900616A26 /* PBXContainerItemProxy */ = {
			isa = PBXContainerItemProxy;
			containerPortal = 047329D82AFD54D200616A26 /* Project object */;
			proxyType = 1;
			remoteGlobalIDString = 047329DF2AFD54D200616A26;
			remoteInfo = "Hackathon iOS App";
		};
/* End PBXContainerItemProxy section */

/* Begin PBXFileReference section */
		044631172AFD89E7006850C6 /* Message.swift */ = {isa = PBXFileReference; lastKnownFileType = sourcecode.swift; path = Message.swift; sourceTree = "<group>"; };
		047329E02AFD54D200616A26 /* Hackathon iOS App.app */ = {isa = PBXFileReference; explicitFileType = wrapper.application; includeInIndex = 0; path = "Hackathon iOS App.app"; sourceTree = BUILT_PRODUCTS_DIR; };
		047329E32AFD54D200616A26 /* Hackathon_iOS_AppApp.swift */ = {isa = PBXFileReference; lastKnownFileType = sourcecode.swift; path = Hackathon_iOS_AppApp.swift; sourceTree = "<group>"; };
		047329E52AFD54D200616A26 /* ContentView.swift */ = {isa = PBXFileReference; lastKnownFileType = sourcecode.swift; path = ContentView.swift; sourceTree = "<group>"; };
		047329E72AFD54D800616A26 /* Assets.xcassets */ = {isa = PBXFileReference; lastKnownFileType = folder.assetcatalog; path = Assets.xcassets; sourceTree = "<group>"; };
		047329EA2AFD54D800616A26 /* Preview Assets.xcassets */ = {isa = PBXFileReference; lastKnownFileType = folder.assetcatalog; path = "Preview Assets.xcassets"; sourceTree = "<group>"; };
		047329EC2AFD54D800616A26 /* Hackathon_iOS_App.entitlements */ = {isa = PBXFileReference; lastKnownFileType = text.plist.entitlements; path = Hackathon_iOS_App.entitlements; sourceTree = "<group>"; };
		047329F12AFD54D900616A26 /* Hackathon iOS AppTests.xctest */ = {isa = PBXFileReference; explicitFileType = wrapper.cfbundle; includeInIndex = 0; path = "Hackathon iOS AppTests.xctest"; sourceTree = BUILT_PRODUCTS_DIR; };
		047329F52AFD54D900616A26 /* Hackathon_iOS_AppTests.swift */ = {isa = PBXFileReference; lastKnownFileType = sourcecode.swift; path = Hackathon_iOS_AppTests.swift; sourceTree = "<group>"; };
		047329FB2AFD54D900616A26 /* Hackathon iOS AppUITests.xctest */ = {isa = PBXFileReference; explicitFileType = wrapper.cfbundle; includeInIndex = 0; path = "Hackathon iOS AppUITests.xctest"; sourceTree = BUILT_PRODUCTS_DIR; };
		047329FF2AFD54D900616A26 /* Hackathon_iOS_AppUITests.swift */ = {isa = PBXFileReference; lastKnownFileType = sourcecode.swift; path = Hackathon_iOS_AppUITests.swift; sourceTree = "<group>"; };
		04732A012AFD54D900616A26 /* Hackathon_iOS_AppUITestsLaunchTests.swift */ = {isa = PBXFileReference; lastKnownFileType = sourcecode.swift; path = Hackathon_iOS_AppUITestsLaunchTests.swift; sourceTree = "<group>"; };
/* End PBXFileReference section */

/* Begin PBXFrameworksBuildPhase section */
		047329DD2AFD54D200616A26 /* Frameworks */ = {
			isa = PBXFrameworksBuildPhase;
			buildActionMask = 2147483647;
			files = (
			);
			runOnlyForDeploymentPostprocessing = 0;
		};
		047329EE2AFD54D900616A26 /* Frameworks */ = {
			isa = PBXFrameworksBuildPhase;
			buildActionMask = 2147483647;
			files = (
			);
			runOnlyForDeploymentPostprocessing = 0;
		};
		047329F82AFD54D900616A26 /* Frameworks */ = {
			isa = PBXFrameworksBuildPhase;
			buildActionMask = 2147483647;
			files = (
			);
			runOnlyForDeploymentPostprocessing = 0;
		};
/* End PBXFrameworksBuildPhase section */

/* Begin PBXGroup section */
		047329D72AFD54D200616A26 = {
			isa = PBXGroup;
			children = (
				047329E22AFD54D200616A26 /* Hackathon iOS App */,
				047329F42AFD54D900616A26 /* Hackathon iOS AppTests */,
				047329FE2AFD54D900616A26 /* Hackathon iOS AppUITests */,
				047329E12AFD54D200616A26 /* Products */,
			);
			sourceTree = "<group>";
		};
		047329E12AFD54D200616A26 /* Products */ = {
			isa = PBXGroup;
			children = (
				047329E02AFD54D200616A26 /* Hackathon iOS App.app */,
				047329F12AFD54D900616A26 /* Hackathon iOS AppTests.xctest */,
				047329FB2AFD54D900616A26 /* Hackathon iOS AppUITests.xctest */,
			);
			name = Products;
			sourceTree = "<group>";
		};
		047329E22AFD54D200616A26 /* Hackathon iOS App */ = {
			isa = PBXGroup;
			children = (
				047329E32AFD54D200616A26 /* Hackathon_iOS_AppApp.swift */,
				047329E52AFD54D200616A26 /* ContentView.swift */,
				047329E72AFD54D800616A26 /* Assets.xcassets */,
				047329EC2AFD54D800616A26 /* Hackathon_iOS_App.entitlements */,
				047329E92AFD54D800616A26 /* Preview Content */,
				044631172AFD89E7006850C6 /* Message.swift */,
			);
			path = "Hackathon iOS App";
			sourceTree = "<group>";
		};
		047329E92AFD54D800616A26 /* Preview Content */ = {
			isa = PBXGroup;
			children = (
				047329EA2AFD54D800616A26 /* Preview Assets.xcassets */,
			);
			path = "Preview Content";
			sourceTree = "<group>";
		};
		047329F42AFD54D900616A26 /* Hackathon iOS AppTests */ = {
			isa = PBXGroup;
			children = (
				047329F52AFD54D900616A26 /* Hackathon_iOS_AppTests.swift */,
			);
			path = "Hackathon iOS AppTests";
			sourceTree = "<group>";
		};
		047329FE2AFD54D900616A26 /* Hackathon iOS AppUITests */ = {
			isa = PBXGroup;
			children = (
				047329FF2AFD54D900616A26 /* Hackathon_iOS_AppUITests.swift */,
				04732A012AFD54D900616A26 /* Hackathon_iOS_AppUITestsLaunchTests.swift */,
			);
			path = "Hackathon iOS AppUITests";
			sourceTree = "<group>";
		};
/* End PBXGroup section */

/* Begin PBXNativeTarget section */
		047329DF2AFD54D200616A26 /* Hackathon iOS App */ = {
			isa = PBXNativeTarget;
			buildConfigurationList = 04732A052AFD54D900616A26 /* Build configuration list for PBXNativeTarget "Hackathon iOS App" */;
			buildPhases = (
				047329DC2AFD54D200616A26 /* Sources */,
				047329DD2AFD54D200616A26 /* Frameworks */,
				047329DE2AFD54D200616A26 /* Resources */,
			);
			buildRules = (
			);
			dependencies = (
			);
			name = "Hackathon iOS App";
			productName = "Hackathon iOS App";
			productReference = 047329E02AFD54D200616A26 /* Hackathon iOS App.app */;
			productType = "com.apple.product-type.application";
		};
		047329F02AFD54D900616A26 /* Hackathon iOS AppTests */ = {
			isa = PBXNativeTarget;
			buildConfigurationList = 04732A082AFD54D900616A26 /* Build configuration list for PBXNativeTarget "Hackathon iOS AppTests" */;
			buildPhases = (
				047329ED2AFD54D900616A26 /* Sources */,
				047329EE2AFD54D900616A26 /* Frameworks */,
				047329EF2AFD54D900616A26 /* Resources */,
			);
			buildRules = (
			);
			dependencies = (
				047329F32AFD54D900616A26 /* PBXTargetDependency */,
			);
			name = "Hackathon iOS AppTests";
			productName = "Hackathon iOS AppTests";
			productReference = 047329F12AFD54D900616A26 /* Hackathon iOS AppTests.xctest */;
			productType = "com.apple.product-type.bundle.unit-test";
		};
		047329FA2AFD54D900616A26 /* Hackathon iOS AppUITests */ = {
			isa = PBXNativeTarget;
			buildConfigurationList = 04732A0B2AFD54D900616A26 /* Build configuration list for PBXNativeTarget "Hackathon iOS AppUITests" */;
			buildPhases = (
				047329F72AFD54D900616A26 /* Sources */,
				047329F82AFD54D900616A26 /* Frameworks */,
				047329F92AFD54D900616A26 /* Resources */,
			);
			buildRules = (
			);
			dependencies = (
				047329FD2AFD54D900616A26 /* PBXTargetDependency */,
			);
			name = "Hackathon iOS AppUITests";
			productName = "Hackathon iOS AppUITests";
			productReference = 047329FB2AFD54D900616A26 /* Hackathon iOS AppUITests.xctest */;
			productType = "com.apple.product-type.bundle.ui-testing";
		};
/* End PBXNativeTarget section */

/* Begin PBXProject section */
		047329D82AFD54D200616A26 /* Project object */ = {
			isa = PBXProject;
			attributes = {
				BuildIndependentTargetsInParallel = 1;
				LastSwiftUpdateCheck = 1320;
				LastUpgradeCheck = 1320;
				TargetAttributes = {
					047329DF2AFD54D200616A26 = {
						CreatedOnToolsVersion = 13.2.1;
					};
					047329F02AFD54D900616A26 = {
						CreatedOnToolsVersion = 13.2.1;
						TestTargetID = 047329DF2AFD54D200616A26;
					};
					047329FA2AFD54D900616A26 = {
						CreatedOnToolsVersion = 13.2.1;
						TestTargetID = 047329DF2AFD54D200616A26;
					};
				};
			};
			buildConfigurationList = 047329DB2AFD54D200616A26 /* Build configuration list for PBXProject "Hackathon iOS App" */;
			compatibilityVersion = "Xcode 13.0";
			developmentRegion = en;
			hasScannedForEncodings = 0;
			knownRegions = (
				en,
				Base,
			);
			mainGroup = 047329D72AFD54D200616A26;
			productRefGroup = 047329E12AFD54D200616A26 /* Products */;
			projectDirPath = "";
			projectRoot = "";
			targets = (
				047329DF2AFD54D200616A26 /* Hackathon iOS App */,
				047329F02AFD54D900616A26 /* Hackathon iOS AppTests */,
				047329FA2AFD54D900616A26 /* Hackathon iOS AppUITests */,
			);
		};
/* End PBXProject section */

/* Begin PBXResourcesBuildPhase section */
		047329DE2AFD54D200616A26 /* Resources */ = {
			isa = PBXResourcesBuildPhase;
			buildActionMask = 2147483647;
			files = (
				047329EB2AFD54D800616A26 /* Preview Assets.xcassets in Resources */,
				047329E82AFD54D800616A26 /* Assets.xcassets in Resources */,
			);
			runOnlyForDeploymentPostprocessing = 0;
		};
		047329EF2AFD54D900616A26 /* Resources */ = {
			isa = PBXResourcesBuildPhase;
			buildActionMask = 2147483647;
			files = (
			);
			runOnlyForDeploymentPostprocessing = 0;
		};
		047329F92AFD54D900616A26 /* Resources */ = {
			isa = PBXResourcesBuildPhase;
			buildActionMask = 2147483647;
			files = (
			);
			runOnlyForDeploymentPostprocessing = 0;
		};
/* End PBXResourcesBuildPhase section */

/* Begin PBXSourcesBuildPhase section */
		047329DC2AFD54D200616A26 /* Sources */ = {
			isa = PBXSourcesBuildPhase;
			buildActionMask = 2147483647;
			files = (
				044631182AFD89E7006850C6 /* Message.swift in Sources */,
				047329E62AFD54D200616A26 /* ContentView.swift in Sources */,
				047329E42AFD54D200616A26 /* Hackathon_iOS_AppApp.swift in Sources */,
			);
			runOnlyForDeploymentPostprocessing = 0;
		};
		047329ED2AFD54D900616A26 /* Sources */ = {
			isa = PBXSourcesBuildPhase;
			buildActionMask = 2147483647;
			files = (
				047329F62AFD54D900616A26 /* Hackathon_iOS_AppTests.swift in Sources */,
			);
			runOnlyForDeploymentPostprocessing = 0;
		};
		047329F72AFD54D900616A26 /* Sources */ = {
			isa = PBXSourcesBuildPhase;
			buildActionMask = 2147483647;
			files = (
				04732A022AFD54D900616A26 /* Hackathon_iOS_AppUITestsLaunchTests.swift in Sources */,
				04732A002AFD54D900616A26 /* Hackathon_iOS_AppUITests.swift in Sources */,
			);
			runOnlyForDeploymentPostprocessing = 0;
		};
/* End PBXSourcesBuildPhase section */

/* Begin PBXTargetDependency section */
		047329F32AFD54D900616A26 /* PBXTargetDependency */ = {
			isa = PBXTargetDependency;
			target = 047329DF2AFD54D200616A26 /* Hackathon iOS App */;
			targetProxy = 047329F22AFD54D900616A26 /* PBXContainerItemProxy */;
		};
		047329FD2AFD54D900616A26 /* PBXTargetDependency */ = {
			isa = PBXTargetDependency;
			target = 047329DF2AFD54D200616A26 /* Hackathon iOS App */;
			targetProxy = 047329FC2AFD54D900616A26 /* PBXContainerItemProxy */;
		};
/* End PBXTargetDependency section */

/* Begin XCBuildConfiguration section */
		04732A032AFD54D900616A26 /* Debug */ = {
			isa = XCBuildConfiguration;
			buildSettings = {
				ALWAYS_SEARCH_USER_PATHS = NO;
				CLANG_ANALYZER_NONNULL = YES;
				CLANG_ANALYZER_NUMBER_OBJECT_CONVERSION = YES_AGGRESSIVE;
				CLANG_CXX_LANGUAGE_STANDARD = "gnu++17";
				CLANG_CXX_LIBRARY = "libc++";
				CLANG_ENABLE_MODULES = YES;
				CLANG_ENABLE_OBJC_ARC = YES;
				CLANG_ENABLE_OBJC_WEAK = YES;
				CLANG_WARN_BLOCK_CAPTURE_AUTORELEASING = YES;
				CLANG_WARN_BOOL_CONVERSION = YES;
				CLANG_WARN_COMMA = YES;
				CLANG_WARN_CONSTANT_CONVERSION = YES;
				CLANG_WARN_DEPRECATED_OBJC_IMPLEMENTATIONS = YES;
				CLANG_WARN_DIRECT_OBJC_ISA_USAGE = YES_ERROR;
				CLANG_WARN_DOCUMENTATION_COMMENTS = YES;
				CLANG_WARN_EMPTY_BODY = YES;
				CLANG_WARN_ENUM_CONVERSION = YES;
				CLANG_WARN_INFINITE_RECURSION = YES;
				CLANG_WARN_INT_CONVERSION = YES;
				CLANG_WARN_NON_LITERAL_NULL_CONVERSION = YES;
				CLANG_WARN_OBJC_IMPLICIT_RETAIN_SELF = YES;
				CLANG_WARN_OBJC_LITERAL_CONVERSION = YES;
				CLANG_WARN_OBJC_ROOT_CLASS = YES_ERROR;
				CLANG_WARN_QUOTED_INCLUDE_IN_FRAMEWORK_HEADER = YES;
				CLANG_WARN_RANGE_LOOP_ANALYSIS = YES;
				CLANG_WARN_STRICT_PROTOTYPES = YES;
				CLANG_WARN_SUSPICIOUS_MOVE = YES;
				CLANG_WARN_UNGUARDED_AVAILABILITY = YES_AGGRESSIVE;
				CLANG_WARN_UNREACHABLE_CODE = YES;
				CLANG_WARN__DUPLICATE_METHOD_MATCH = YES;
				COPY_PHASE_STRIP = NO;
				DEBUG_INFORMATION_FORMAT = dwarf;
				ENABLE_STRICT_OBJC_MSGSEND = YES;
				ENABLE_TESTABILITY = YES;
				GCC_C_LANGUAGE_STANDARD = gnu11;
				GCC_DYNAMIC_NO_PIC = NO;
				GCC_NO_COMMON_BLOCKS = YES;
				GCC_OPTIMIZATION_LEVEL = 0;
				GCC_PREPROCESSOR_DEFINITIONS = (
					"DEBUG=1",
					"$(inherited)",
				);
				GCC_WARN_64_TO_32_BIT_CONVERSION = YES;
				GCC_WARN_ABOUT_RETURN_TYPE = YES_ERROR;
				GCC_WARN_UNDECLARED_SELECTOR = YES;
				GCC_WARN_UNINITIALIZED_AUTOS = YES_AGGRESSIVE;
				GCC_WARN_UNUSED_FUNCTION = YES;
				GCC_WARN_UNUSED_VARIABLE = YES;
				MACOSX_DEPLOYMENT_TARGET = 11.7;
				MTL_ENABLE_DEBUG_INFO = INCLUDE_SOURCE;
				MTL_FAST_MATH = YES;
				ONLY_ACTIVE_ARCH = YES;
				SDKROOT = macosx;
				SWIFT_ACTIVE_COMPILATION_CONDITIONS = DEBUG;
				SWIFT_OPTIMIZATION_LEVEL = "-Onone";
			};
			name = Debug;
		};
		04732A042AFD54D900616A26 /* Release */ = {
			isa = XCBuildConfiguration;
			buildSettings = {
				ALWAYS_SEARCH_USER_PATHS = NO;
				CLANG_ANALYZER_NONNULL = YES;
				CLANG_ANALYZER_NUMBER_OBJECT_CONVERSION = YES_AGGRESSIVE;
				CLANG_CXX_LANGUAGE_STANDARD = "gnu++17";
				CLANG_CXX_LIBRARY = "libc++";
				CLANG_ENABLE_MODULES = YES;
				CLANG_ENABLE_OBJC_ARC = YES;
				CLANG_ENABLE_OBJC_WEAK = YES;
				CLANG_WARN_BLOCK_CAPTURE_AUTORELEASING = YES;
				CLANG_WARN_BOOL_CONVERSION = YES;
				CLANG_WARN_COMMA = YES;
				CLANG_WARN_CONSTANT_CONVERSION = YES;
				CLANG_WARN_DEPRECATED_OBJC_IMPLEMENTATIONS = YES;
				CLANG_WARN_DIRECT_OBJC_ISA_USAGE = YES_ERROR;
				CLANG_WARN_DOCUMENTATION_COMMENTS = YES;
				CLANG_WARN_EMPTY_BODY = YES;
				CLANG_WARN_ENUM_CONVERSION = YES;
				CLANG_WARN_INFINITE_RECURSION = YES;
				CLANG_WARN_INT_CONVERSION = YES;
				CLANG_WARN_NON_LITERAL_NULL_CONVERSION = YES;
				CLANG_WARN_OBJC_IMPLICIT_RETAIN_SELF = YES;
				CLANG_WARN_OBJC_LITERAL_CONVERSION = YES;
				CLANG_WARN_OBJC_ROOT_CLASS = YES_ERROR;
				CLANG_WARN_QUOTED_INCLUDE_IN_FRAMEWORK_HEADER = YES;
				CLANG_WARN_RANGE_LOOP_ANALYSIS = YES;
				CLANG_WARN_STRICT_PROTOTYPES = YES;
				CLANG_WARN_SUSPICIOUS_MOVE = YES;
				CLANG_WARN_UNGUARDED_AVAILABILITY = YES_AGGRESSIVE;
				CLANG_WARN_UNREACHABLE_CODE = YES;
				CLANG_WARN__DUPLICATE_METHOD_MATCH = YES;
				COPY_PHASE_STRIP = NO;
				DEBUG_INFORMATION_FORMAT = "dwarf-with-dsym";
				ENABLE_NS_ASSERTIONS = NO;
				ENABLE_STRICT_OBJC_MSGSEND = YES;
				GCC_C_LANGUAGE_STANDARD = gnu11;
				GCC_NO_COMMON_BLOCKS = YES;
				GCC_WARN_64_TO_32_BIT_CONVERSION = YES;
				GCC_WARN_ABOUT_RETURN_TYPE = YES_ERROR;
				GCC_WARN_UNDECLARED_SELECTOR = YES;
				GCC_WARN_UNINITIALIZED_AUTOS = YES_AGGRESSIVE;
				GCC_WARN_UNUSED_FUNCTION = YES;
				GCC_WARN_UNUSED_VARIABLE = YES;
				MACOSX_DEPLOYMENT_TARGET = 11.7;
				MTL_ENABLE_DEBUG_INFO = NO;
				MTL_FAST_MATH = YES;
				SDKROOT = macosx;
				SWIFT_COMPILATION_MODE = wholemodule;
				SWIFT_OPTIMIZATION_LEVEL = "-O";
			};
			name = Release;
		};
		04732A062AFD54D900616A26 /* Debug */ = {
			isa = XCBuildConfiguration;
			buildSettings = {
				ASSETCATALOG_COMPILER_APPICON_NAME = AppIcon;
				ASSETCATALOG_COMPILER_GLOBAL_ACCENT_COLOR_NAME = AccentColor;
				CLANG_CXX_LANGUAGE_STANDARD = "gnu++20";
				CLANG_UNDEFINED_BEHAVIOR_SANITIZER_INTEGER = YES;
				CODE_SIGN_ENTITLEMENTS = "Hackathon iOS App/Hackathon_iOS_App.entitlements";
				CODE_SIGN_STYLE = Automatic;
				COMBINE_HIDPI_IMAGES = YES;
				CURRENT_PROJECT_VERSION = 1;
				DEAD_CODE_STRIPPING = NO;
				DEVELOPMENT_ASSET_PATHS = "\"Hackathon iOS App/Preview Content\"";
				DEVELOPMENT_TEAM = C74NHTAGK3;
				ENABLE_HARDENED_RUNTIME = YES;
				ENABLE_PREVIEWS = YES;
				GCC_OPTIMIZATION_LEVEL = 1;
				GCC_WARN_PEDANTIC = YES;
				GENERATE_INFOPLIST_FILE = YES;
				INFOPLIST_KEY_NSHumanReadableCopyright = "";
				LD_RUNPATH_SEARCH_PATHS = (
					"$(inherited)",
					"@executable_path/../Frameworks",
				);
				MARKETING_VERSION = 1.0;
				PRODUCT_BUNDLE_IDENTIFIER = "com.Hackathon2023Group4.Hackathon-iOS-App";
				PRODUCT_NAME = "$(TARGET_NAME)";
				SWIFT_EMIT_LOC_STRINGS = YES;
				SWIFT_VERSION = 5.0;
			};
			name = Debug;
		};
		04732A072AFD54D900616A26 /* Release */ = {
			isa = XCBuildConfiguration;
			buildSettings = {
				ASSETCATALOG_COMPILER_APPICON_NAME = AppIcon;
				ASSETCATALOG_COMPILER_GLOBAL_ACCENT_COLOR_NAME = AccentColor;
				CLANG_CXX_LANGUAGE_STANDARD = "gnu++20";
				CODE_SIGN_ENTITLEMENTS = "Hackathon iOS App/Hackathon_iOS_App.entitlements";
				CODE_SIGN_STYLE = Automatic;
				COMBINE_HIDPI_IMAGES = YES;
				CURRENT_PROJECT_VERSION = 1;
				DEAD_CODE_STRIPPING = YES;
				DEVELOPMENT_ASSET_PATHS = "\"Hackathon iOS App/Preview Content\"";
				DEVELOPMENT_TEAM = C74NHTAGK3;
				ENABLE_HARDENED_RUNTIME = YES;
				ENABLE_PREVIEWS = YES;
				GCC_UNROLL_LOOPS = YES;
				GCC_WARN_PEDANTIC = YES;
				GENERATE_INFOPLIST_FILE = YES;
				INFOPLIST_KEY_NSHumanReadableCopyright = "";
				LD_RUNPATH_SEARCH_PATHS = (
					"$(inherited)",
					"@executable_path/../Frameworks",
				);
				MARKETING_VERSION = 1.0;
				PRODUCT_BUNDLE_IDENTIFIER = "com.Hackathon2023Group4.Hackathon-iOS-App";
				PRODUCT_NAME = "$(TARGET_NAME)";
				SWIFT_EMIT_LOC_STRINGS = YES;
				SWIFT_VERSION = 5.0;
			};
			name = Release;
		};
		04732A092AFD54D900616A26 /* Debug */ = {
			isa = XCBuildConfiguration;
			buildSettings = {
				ALWAYS_EMBED_SWIFT_STANDARD_LIBRARIES = YES;
				BUNDLE_LOADER = "$(TEST_HOST)";
				CODE_SIGN_STYLE = Automatic;
				CURRENT_PROJECT_VERSION = 1;
				DEVELOPMENT_TEAM = C74NHTAGK3;
				GENERATE_INFOPLIST_FILE = YES;
				MACOSX_DEPLOYMENT_TARGET = 11.7;
				MARKETING_VERSION = 1.0;
				PRODUCT_BUNDLE_IDENTIFIER = "com.Hackathon2023Group4.Hackathon-iOS-AppTests";
				PRODUCT_NAME = "$(TARGET_NAME)";
				SWIFT_EMIT_LOC_STRINGS = NO;
				SWIFT_VERSION = 5.0;
				TEST_HOST = "$(BUILT_PRODUCTS_DIR)/Hackathon iOS App.app/Contents/MacOS/Hackathon iOS App";
			};
			name = Debug;
		};
		04732A0A2AFD54D900616A26 /* Release */ = {
			isa = XCBuildConfiguration;
			buildSettings = {
				ALWAYS_EMBED_SWIFT_STANDARD_LIBRARIES = YES;
				BUNDLE_LOADER = "$(TEST_HOST)";
				CODE_SIGN_STYLE = Automatic;
				CURRENT_PROJECT_VERSION = 1;
				DEVELOPMENT_TEAM = C74NHTAGK3;
				GENERATE_INFOPLIST_FILE = YES;
				MACOSX_DEPLOYMENT_TARGET = 11.7;
				MARKETING_VERSION = 1.0;
				PRODUCT_BUNDLE_IDENTIFIER = "com.Hackathon2023Group4.Hackathon-iOS-AppTests";
				PRODUCT_NAME = "$(TARGET_NAME)";
				SWIFT_EMIT_LOC_STRINGS = NO;
				SWIFT_VERSION = 5.0;
				TEST_HOST = "$(BUILT_PRODUCTS_DIR)/Hackathon iOS App.app/Contents/MacOS/Hackathon iOS App";
			};
			name = Release;
		};
		04732A0C2AFD54D900616A26 /* Debug */ = {
			isa = XCBuildConfiguration;
			buildSettings = {
				ALWAYS_EMBED_SWIFT_STANDARD_LIBRARIES = YES;
				CODE_SIGN_STYLE = Automatic;
				CURRENT_PROJECT_VERSION = 1;
				DEVELOPMENT_TEAM = C74NHTAGK3;
				GENERATE_INFOPLIST_FILE = YES;
				MARKETING_VERSION = 1.0;
				PRODUCT_BUNDLE_IDENTIFIER = "com.Hackathon2023Group4.Hackathon-iOS-AppUITests";
				PRODUCT_NAME = "$(TARGET_NAME)";
				SWIFT_EMIT_LOC_STRINGS = NO;
				SWIFT_VERSION = 5.0;
				TEST_TARGET_NAME = "Hackathon iOS App";
			};
			name = Debug;
		};
		04732A0D2AFD54D900616A26 /* Release */ = {
			isa = XCBuildConfiguration;
			buildSettings = {
				ALWAYS_EMBED_SWIFT_STANDARD_LIBRARIES = YES;
				CODE_SIGN_STYLE = Automatic;
				CURRENT_PROJECT_VERSION = 1;
				DEVELOPMENT_TEAM = C74NHTAGK3;
				GENERATE_INFOPLIST_FILE = YES;
				MARKETING_VERSION = 1.0;
				PRODUCT_BUNDLE_IDENTIFIER = "com.Hackathon2023Group4.Hackathon-iOS-AppUITests";
				PRODUCT_NAME = "$(TARGET_NAME)";
				SWIFT_EMIT_LOC_STRINGS = NO;
				SWIFT_VERSION = 5.0;
				TEST_TARGET_NAME = "Hackathon iOS App";
			};
			name = Release;
		};
/* End XCBuildConfiguration section */

/* Begin XCConfigurationList section */
		047329DB2AFD54D200616A26 /* Build configuration list for PBXProject "Hackathon iOS App" */ = {
			isa = XCConfigurationList;
			buildConfigurations = (
				04732A032AFD54D900616A26 /* Debug */,
				04732A042AFD54D900616A26 /* Release */,
			);
			defaultConfigurationIsVisible = 0;
			defaultConfigurationName = Release;
		};
		04732A052AFD54D900616A26 /* Build configuration list for PBXNativeTarget "Hackathon iOS App" */ = {
			isa = XCConfigurationList;
			buildConfigurations = (
				04732A062AFD54D900616A26 /* Debug */,
				04732A072AFD54D900616A26 /* Release */,
			);
			defaultConfigurationIsVisible = 0;
			defaultConfigurationName = Release;
		};
		04732A082AFD54D900616A26 /* Build configuration list for PBXNativeTarget "Hackathon iOS AppTests" */ = {
			isa = XCConfigurationList;
			buildConfigurations = (
				04732A092AFD54D900616A26 /* Debug */,
				04732A0A2AFD54D900616A26 /* Release */,
			);
			defaultConfigurationIsVisible = 0;
			defaultConfigurationName = Release;
		};
		04732A0B2AFD54D900616A26 /* Build configuration list for PBXNativeTarget "Hackathon iOS AppUITests" */ = {
			isa = XCConfigurationList;
			buildConfigurations = (
				04732A0C2AFD54D900616A26 /* Debug */,
				04732A0D2AFD54D900616A26 /* Release */,
			);
			defaultConfigurationIsVisible = 0;
			defaultConfigurationName = Release;
		};
/* End XCConfigurationList section */
	};
	rootObject = 047329D82AFD54D200616A26 /* Project object */;
}
